
Microsoft Visual Studio Solution File, Format Version 12.00
# Visual Studio Version 17
VisualStudioVersion = 17.2.32616.157
MinimumVisualStudioVersion = 10.0.40219.1
Project("{2150E333-8FDC-42A3-9474-1A3956D46DE8}") = "src", "src", "{043DAC2E-E1FF-43A2-98B4-9A0D81F3CDCD}"
EndProject
Project("{2150E333-8FDC-42A3-9474-1A3956D46DE8}") = "WebMvc", "WebMvc", "{0223803A-526F-4A0C-90AF-F922D6BD77EA}"
EndProject
Project("{FAE04EC0-301F-11D3-BF4B-00C04F79EFBC}") = "WebMvcPagination", "src\WebMvcPagination\WebMvcPagination\WebMvcPagination.csproj", "{4EEF029E-0283-4A4B-BE64-F120957789F0}"
EndProject
Global
	GlobalSection(SolutionConfigurationPlatforms) = preSolution
		Debug|Any CPU = Debug|Any CPU
		Release|Any CPU = Release|Any CPU
	EndGlobalSection
	GlobalSection(ProjectConfigurationPlatforms) = postSolution
		{4EEF029E-0283-4A4B-BE64-F120957789F0}.Debug|Any CPU.ActiveCfg = Debug|Any CPU
		{4EEF029E-0283-4A4B-BE64-F120957789F0}.Debug|Any CPU.Build.0 = Debug|Any CPU
		{4EEF029E-0283-4A4B-BE64-F120957789F0}.Release|Any CPU.ActiveCfg = Release|Any CPU
		{4EEF029E-0283-4A4B-BE64-F120957789F0}.Release|Any CPU.Build.0 = Release|Any CPU
	EndGlobalSection
	GlobalSection(SolutionProperties) = preSolution
		HideSolutionNode = FALSE
	EndGlobalSection
	GlobalSection(NestedProjects) = preSolution
		{0223803A-526F-4A0C-90AF-F922D6BD77EA} = {043DAC2E-E1FF-43A2-98B4-9A0D81F3CDCD}
		{4EEF029E-0283-4A4B-BE64-F120957789F0} = {0223803A-526F-4A0C-90AF-F922D6BD77EA}
	EndGlobalSection
	GlobalSection(ExtensibilityGlobals) = postSolution
		SolutionGuid = {5529AE75-6401-4F86-B43F-9BB2088D336F}
	EndGlobalSection
EndGlobal
